{
  "requires": true,
  "lockfileVersion": 1,
  "dependencies": {
    "dotenv": {
      "version": "7.0.0",
      "resolved": "https://registry.npmjs.org/dotenv/-/dotenv-7.0.0.tgz",
      "integrity": "sha512-M3NhsLbV1i6HuGzBUH8vXrtxOk+tWmzWKDMbAVSUp3Zsjm7ywFeuwrUXhmhQyRK1q5B5GGy7hcXPbj3bnfZg2g=="
    },
    "openzeppelin-solidity": {
      "version": "2.2.0",
      "resolved": "https://registry.npmjs.org/openzeppelin-solidity/-/openzeppelin-solidity-2.2.0.tgz",
      "integrity": "sha512-HfQq0xyT+EPs/lTWEd5Odu4T7CYdYe+qwf54EH28FQZthp4Bs6IWvOlOumTdS2dvpwZoTXURAopHn2LN1pwAGQ=="
    },
    "truffle-hdwallet-provider": {
      "version": "1.0.0-web3one.5",
      "resolved": "https://registry.npmjs.org/truffle-hdwallet-provider/-/truffle-hdwallet-provider-1.0.0-web3one.5.tgz",
      "integrity": "sha512-mALnG1ahfqPFufwzNcxW6JxSzgP+FwSyHr8kFtBE/ymMH8N6S2EeUPFds7a2IKyTMZ3npTMHLTR+seTQitn2yQ=="
    }
  }
}
